
Microsoft Visual Studio Solution File, Format Version 12.00
# Visual Studio Version 16
VisualStudioVersion = 16.0.30204.135
MinimumVisualStudioVersion = 10.0.40219.1
Project("{FAE04EC0-301F-11D3-BF4B-00C04F79EFBC}") = "Accounting", "Accounting\Accounting.csproj", "{504FDD76-E71A-4228-8207-7D008E4053B5}"
EndProject
Global
	GlobalSection(SolutionConfigurationPlatforms) = preSolution
		Debug|Any CPU = Debug|Any CPU
		Release|Any CPU = Release|Any CPU
	EndGlobalSection
	GlobalSection(ProjectConfigurationPlatforms) = postSolution
		{504FDD76-E71A-4228-8207-7D008E4053B5}.Debug|Any CPU.ActiveCfg = Debug|Any CPU
		{504FDD76-E71A-4228-8207-7D008E4053B5}.Debug|Any CPU.Build.0 = Debug|Any CPU
		{504FDD76-E71A-4228-8207-7D008E4053B5}.Release|Any CPU.ActiveCfg = Release|Any CPU
		{504FDD76-E71A-4228-8207-7D008E4053B5}.Release|Any CPU.Build.0 = Release|Any CPU
	EndGlobalSection
	GlobalSection(SolutionProperties) = preSolution
		HideSolutionNode = FALSE
	EndGlobalSection
	GlobalSection(ExtensibilityGlobals) = postSolution
		SolutionGuid = {AB4F1E3A-1299-4B75-8095-F4669C2FA328}
	EndGlobalSection
EndGlobal
