
Microsoft Visual Studio Solution File, Format Version 12.00
# Visual Studio Version 16
VisualStudioVersion = 16.0.30011.22
MinimumVisualStudioVersion = 10.0.40219.1
Project("{F184B08F-C81C-45F6-A57F-5ABD9991F28F}") = "Web_and_Animation_project", "Web_and_Animation_project\Web_and_Animation_project.vbproj", "{04178C2B-5195-4F51-B075-C0CE008D7E6A}"
EndProject
Global
	GlobalSection(SolutionConfigurationPlatforms) = preSolution
		Debug|Any CPU = Debug|Any CPU
		Release|Any CPU = Release|Any CPU
	EndGlobalSection
	GlobalSection(ProjectConfigurationPlatforms) = postSolution
		{04178C2B-5195-4F51-B075-C0CE008D7E6A}.Debug|Any CPU.ActiveCfg = Debug|Any CPU
		{04178C2B-5195-4F51-B075-C0CE008D7E6A}.Debug|Any CPU.Build.0 = Debug|Any CPU
		{04178C2B-5195-4F51-B075-C0CE008D7E6A}.Release|Any CPU.ActiveCfg = Release|Any CPU
		{04178C2B-5195-4F51-B075-C0CE008D7E6A}.Release|Any CPU.Build.0 = Release|Any CPU
	EndGlobalSection
	GlobalSection(SolutionProperties) = preSolution
		HideSolutionNode = FALSE
	EndGlobalSection
	GlobalSection(ExtensibilityGlobals) = postSolution
		SolutionGuid = {08D463F3-9530-4338-AA27-22D0300C91D2}
	EndGlobalSection
EndGlobal
