
Microsoft Visual Studio Solution File, Format Version 12.00
# Visual Studio Version 16
VisualStudioVersion = 16.0.30204.135
MinimumVisualStudioVersion = 10.0.40219.1
Project("{FAE04EC0-301F-11D3-BF4B-00C04F79EFBC}") = "Assignment163", "Assignment163\Assignment163.csproj", "{9E5B6928-062C-4E48-A132-FAE72BEB48CD}"
EndProject
Global
	GlobalSection(SolutionConfigurationPlatforms) = preSolution
		Debug|Any CPU = Debug|Any CPU
		Release|Any CPU = Release|Any CPU
	EndGlobalSection
	GlobalSection(ProjectConfigurationPlatforms) = postSolution
		{9E5B6928-062C-4E48-A132-FAE72BEB48CD}.Debug|Any CPU.ActiveCfg = Debug|Any CPU
		{9E5B6928-062C-4E48-A132-FAE72BEB48CD}.Debug|Any CPU.Build.0 = Debug|Any CPU
		{9E5B6928-062C-4E48-A132-FAE72BEB48CD}.Release|Any CPU.ActiveCfg = Release|Any CPU
		{9E5B6928-062C-4E48-A132-FAE72BEB48CD}.Release|Any CPU.Build.0 = Release|Any CPU
	EndGlobalSection
	GlobalSection(SolutionProperties) = preSolution
		HideSolutionNode = FALSE
	EndGlobalSection
	GlobalSection(ExtensibilityGlobals) = postSolution
		SolutionGuid = {98CDA140-FDB6-4AD8-8AF9-E2BDB1FF3988}
	EndGlobalSection
EndGlobal
