
Microsoft Visual Studio Solution File, Format Version 12.00
# Visual Studio Version 16
VisualStudioVersion = 16.0.30309.148
MinimumVisualStudioVersion = 10.0.40219.1
Project("{FAE04EC0-301F-11D3-BF4B-00C04F79EFBC}") = "Assignment195", "Assignment195\Assignment195.csproj", "{84020073-2617-403D-8CBF-9C79E5AAC218}"
EndProject
Global
	GlobalSection(SolutionConfigurationPlatforms) = preSolution
		Debug|Any CPU = Debug|Any CPU
		Release|Any CPU = Release|Any CPU
	EndGlobalSection
	GlobalSection(ProjectConfigurationPlatforms) = postSolution
		{84020073-2617-403D-8CBF-9C79E5AAC218}.Debug|Any CPU.ActiveCfg = Debug|Any CPU
		{84020073-2617-403D-8CBF-9C79E5AAC218}.Debug|Any CPU.Build.0 = Debug|Any CPU
		{84020073-2617-403D-8CBF-9C79E5AAC218}.Release|Any CPU.ActiveCfg = Release|Any CPU
		{84020073-2617-403D-8CBF-9C79E5AAC218}.Release|Any CPU.Build.0 = Release|Any CPU
	EndGlobalSection
	GlobalSection(SolutionProperties) = preSolution
		HideSolutionNode = FALSE
	EndGlobalSection
	GlobalSection(ExtensibilityGlobals) = postSolution
		SolutionGuid = {E5E75020-FA1E-426E-9DD3-AE033D6AE6CB}
	EndGlobalSection
EndGlobal
