
Microsoft Visual Studio Solution File, Format Version 12.00
# Visual Studio Version 16
VisualStudioVersion = 16.0.30309.148
MinimumVisualStudioVersion = 10.0.40219.1
Project("{FAE04EC0-301F-11D3-BF4B-00C04F79EFBC}") = "Assignment222", "Assignment222\Assignment222.csproj", "{0AAF56B6-F1AD-4561-A754-0329A265AE0A}"
EndProject
Global
	GlobalSection(SolutionConfigurationPlatforms) = preSolution
		Debug|Any CPU = Debug|Any CPU
		Release|Any CPU = Release|Any CPU
	EndGlobalSection
	GlobalSection(ProjectConfigurationPlatforms) = postSolution
		{0AAF56B6-F1AD-4561-A754-0329A265AE0A}.Debug|Any CPU.ActiveCfg = Debug|Any CPU
		{0AAF56B6-F1AD-4561-A754-0329A265AE0A}.Debug|Any CPU.Build.0 = Debug|Any CPU
		{0AAF56B6-F1AD-4561-A754-0329A265AE0A}.Release|Any CPU.ActiveCfg = Release|Any CPU
		{0AAF56B6-F1AD-4561-A754-0329A265AE0A}.Release|Any CPU.Build.0 = Release|Any CPU
	EndGlobalSection
	GlobalSection(SolutionProperties) = preSolution
		HideSolutionNode = FALSE
	EndGlobalSection
	GlobalSection(ExtensibilityGlobals) = postSolution
		SolutionGuid = {A5946EC5-44BF-4397-B021-7D45D2D8F8C3}
	EndGlobalSection
EndGlobal
