
Microsoft Visual Studio Solution File, Format Version 12.00
# Visual Studio Version 16
VisualStudioVersion = 16.0.30204.135
MinimumVisualStudioVersion = 10.0.40219.1
Project("{FAE04EC0-301F-11D3-BF4B-00C04F79EFBC}") = "Assignment179", "Assignment179\Assignment179.csproj", "{B8032411-4C9D-4500-A4E9-E8B0466E651F}"
EndProject
Global
	GlobalSection(SolutionConfigurationPlatforms) = preSolution
		Debug|Any CPU = Debug|Any CPU
		Release|Any CPU = Release|Any CPU
	EndGlobalSection
	GlobalSection(ProjectConfigurationPlatforms) = postSolution
		{B8032411-4C9D-4500-A4E9-E8B0466E651F}.Debug|Any CPU.ActiveCfg = Debug|Any CPU
		{B8032411-4C9D-4500-A4E9-E8B0466E651F}.Debug|Any CPU.Build.0 = Debug|Any CPU
		{B8032411-4C9D-4500-A4E9-E8B0466E651F}.Release|Any CPU.ActiveCfg = Release|Any CPU
		{B8032411-4C9D-4500-A4E9-E8B0466E651F}.Release|Any CPU.Build.0 = Release|Any CPU
	EndGlobalSection
	GlobalSection(SolutionProperties) = preSolution
		HideSolutionNode = FALSE
	EndGlobalSection
	GlobalSection(ExtensibilityGlobals) = postSolution
		SolutionGuid = {100766E7-219E-4682-B6EC-65D9AFB5809A}
	EndGlobalSection
EndGlobal
