
Microsoft Visual Studio Solution File, Format Version 12.00
# Visual Studio Version 16
VisualStudioVersion = 16.0.30204.135
MinimumVisualStudioVersion = 10.0.40219.1
Project("{FAE04EC0-301F-11D3-BF4B-00C04F79EFBC}") = "TwentyOne", "TwentyOne\TwentyOne.csproj", "{5B1F5B0A-9DCA-48AA-9F18-CB23B8A0F97C}"
EndProject
Project("{FAE04EC0-301F-11D3-BF4B-00C04F79EFBC}") = "Casino", "Casino\Casino.csproj", "{17B7CEEE-52A1-4B9F-8231-3E4BFC24ACBA}"
EndProject
Global
	GlobalSection(SolutionConfigurationPlatforms) = preSolution
		Debug|Any CPU = Debug|Any CPU
		Release|Any CPU = Release|Any CPU
	EndGlobalSection
	GlobalSection(ProjectConfigurationPlatforms) = postSolution
		{5B1F5B0A-9DCA-48AA-9F18-CB23B8A0F97C}.Debug|Any CPU.ActiveCfg = Debug|Any CPU
		{5B1F5B0A-9DCA-48AA-9F18-CB23B8A0F97C}.Debug|Any CPU.Build.0 = Debug|Any CPU
		{5B1F5B0A-9DCA-48AA-9F18-CB23B8A0F97C}.Release|Any CPU.ActiveCfg = Release|Any CPU
		{5B1F5B0A-9DCA-48AA-9F18-CB23B8A0F97C}.Release|Any CPU.Build.0 = Release|Any CPU
		{17B7CEEE-52A1-4B9F-8231-3E4BFC24ACBA}.Debug|Any CPU.ActiveCfg = Debug|Any CPU
		{17B7CEEE-52A1-4B9F-8231-3E4BFC24ACBA}.Debug|Any CPU.Build.0 = Debug|Any CPU
		{17B7CEEE-52A1-4B9F-8231-3E4BFC24ACBA}.Release|Any CPU.ActiveCfg = Release|Any CPU
		{17B7CEEE-52A1-4B9F-8231-3E4BFC24ACBA}.Release|Any CPU.Build.0 = Release|Any CPU
	EndGlobalSection
	GlobalSection(SolutionProperties) = preSolution
		HideSolutionNode = FALSE
	EndGlobalSection
	GlobalSection(ExtensibilityGlobals) = postSolution
		SolutionGuid = {AE126CA0-144B-4535-AB3C-6296976E70A7}
	EndGlobalSection
EndGlobal
